
Microsoft Visual Studio Solution File, Format Version 12.00
# Visual Studio Version 17
VisualStudioVersion = 17.7.34024.191
MinimumVisualStudioVersion = 10.0.40219.1
Project("{FAE04EC0-301F-11D3-BF4B-00C04F79EFBC}") = "DBYTest", "DBYTest\DBYTest.csproj", "{AB3C24C5-985F-44FF-AD4B-7E5632176BA9}"
EndProject
Global
	GlobalSection(SolutionConfigurationPlatforms) = preSolution
		Debug|Any CPU = Debug|Any CPU
		Release|Any CPU = Release|Any CPU
	EndGlobalSection
	GlobalSection(ProjectConfigurationPlatforms) = postSolution
		{AB3C24C5-985F-44FF-AD4B-7E5632176BA9}.Debug|Any CPU.ActiveCfg = Debug|Any CPU
		{AB3C24C5-985F-44FF-AD4B-7E5632176BA9}.Debug|Any CPU.Build.0 = Debug|Any CPU
		{AB3C24C5-985F-44FF-AD4B-7E5632176BA9}.Release|Any CPU.ActiveCfg = Release|Any CPU
		{AB3C24C5-985F-44FF-AD4B-7E5632176BA9}.Release|Any CPU.Build.0 = Release|Any CPU
	EndGlobalSection
	GlobalSection(SolutionProperties) = preSolution
		HideSolutionNode = FALSE
	EndGlobalSection
	GlobalSection(ExtensibilityGlobals) = postSolution
		SolutionGuid = {7CE22BEE-B2E4-48F3-8EF8-68735CE93108}
	EndGlobalSection
EndGlobal
